Microsoft Visual Studio Solution File, Format Version 12.00
# Visual Studio 2012
Project("{8BC9CEB8-8B4A-11D0-8D11-00A0C91BC942}") = "ALL_BUILD", "ALL_BUILD.vcxproj", "{C1E818E4-3214-4273-B556-627AC1E8C7DE}"
	ProjectSection(ProjectDependencies) = postProject
		{BEB030B9-904C-4661-A05E-607790F4B951} = {BEB030B9-904C-4661-A05E-607790F4B951}
		{FD396810-F701-4EFB-A465-F0081ACCA341} = {FD396810-F701-4EFB-A465-F0081ACCA341}
		{5B4A7F10-FBC9-4F57-8C80-D69606C08436} = {5B4A7F10-FBC9-4F57-8C80-D69606C08436}
		{D4AFDBBD-E1E4-45CB-BB26-F9446E510797} = {D4AFDBBD-E1E4-45CB-BB26-F9446E510797}
	EndProjectSection
EndProject
Project("{8BC9CEB8-8B4A-11D0-8D11-00A0C91BC942}") = "ZERO_CHECK", "ZERO_CHECK.vcxproj", "{BEB030B9-904C-4661-A05E-607790F4B951}"
	ProjectSection(ProjectDependencies) = postProject
	EndProjectSection
EndProject
Project("{8BC9CEB8-8B4A-11D0-8D11-00A0C91BC942}") = "graph_tool", "graph_tool.vcxproj", "{FD396810-F701-4EFB-A465-F0081ACCA341}"
	ProjectSection(ProjectDependencies) = postProject
		{BEB030B9-904C-4661-A05E-607790F4B951} = {BEB030B9-904C-4661-A05E-607790F4B951}
		{5B4A7F10-FBC9-4F57-8C80-D69606C08436} = {5B4A7F10-FBC9-4F57-8C80-D69606C08436}
		{D4AFDBBD-E1E4-45CB-BB26-F9446E510797} = {D4AFDBBD-E1E4-45CB-BB26-F9446E510797}
	EndProjectSection
EndProject
Project("{8BC9CEB8-8B4A-11D0-8D11-00A0C91BC942}") = "gt_algorithm", "gt_algorithm.vcxproj", "{5B4A7F10-FBC9-4F57-8C80-D69606C08436}"
	ProjectSection(ProjectDependencies) = postProject
		{BEB030B9-904C-4661-A05E-607790F4B951} = {BEB030B9-904C-4661-A05E-607790F4B951}
	EndProjectSection
EndProject
Project("{8BC9CEB8-8B4A-11D0-8D11-00A0C91BC942}") = "gt_common", "gt_common.vcxproj", "{D4AFDBBD-E1E4-45CB-BB26-F9446E510797}"
	ProjectSection(ProjectDependencies) = postProject
		{BEB030B9-904C-4661-A05E-607790F4B951} = {BEB030B9-904C-4661-A05E-607790F4B951}
	EndProjectSection
EndProject
Global
	GlobalSection(SolutionConfigurationPlatforms) = preSolution
		Debug|Win32 = Debug|Win32
		Release|Win32 = Release|Win32
		MinSizeRel|Win32 = MinSizeRel|Win32
		RelWithDebInfo|Win32 = RelWithDebInfo|Win32
	EndGlobalSection
	GlobalSection(ProjectConfigurationPlatforms) = postSolution
		{C1E818E4-3214-4273-B556-627AC1E8C7DE}.Debug|Win32.ActiveCfg = Debug|Win32
		{C1E818E4-3214-4273-B556-627AC1E8C7DE}.Release|Win32.ActiveCfg = Release|Win32
		{C1E818E4-3214-4273-B556-627AC1E8C7DE}.MinSizeRel|Win32.ActiveCfg = MinSizeRel|Win32
		{C1E818E4-3214-4273-B556-627AC1E8C7DE}.RelWithDebInfo|Win32.ActiveCfg = RelWithDebInfo|Win32
		{BEB030B9-904C-4661-A05E-607790F4B951}.Debug|Win32.ActiveCfg = Debug|Win32
		{BEB030B9-904C-4661-A05E-607790F4B951}.Debug|Win32.Build.0 = Debug|Win32
		{BEB030B9-904C-4661-A05E-607790F4B951}.Release|Win32.ActiveCfg = Release|Win32
		{BEB030B9-904C-4661-A05E-607790F4B951}.Release|Win32.Build.0 = Release|Win32
		{BEB030B9-904C-4661-A05E-607790F4B951}.MinSizeRel|Win32.ActiveCfg = MinSizeRel|Win32
		{BEB030B9-904C-4661-A05E-607790F4B951}.MinSizeRel|Win32.Build.0 = MinSizeRel|Win32
		{BEB030B9-904C-4661-A05E-607790F4B951}.RelWithDebInfo|Win32.ActiveCfg = RelWithDebInfo|Win32
		{BEB030B9-904C-4661-A05E-607790F4B951}.RelWithDebInfo|Win32.Build.0 = RelWithDebInfo|Win32
		{FD396810-F701-4EFB-A465-F0081ACCA341}.Debug|Win32.ActiveCfg = Debug|Win32
		{FD396810-F701-4EFB-A465-F0081ACCA341}.Debug|Win32.Build.0 = Debug|Win32
		{FD396810-F701-4EFB-A465-F0081ACCA341}.Release|Win32.ActiveCfg = Release|Win32
		{FD396810-F701-4EFB-A465-F0081ACCA341}.Release|Win32.Build.0 = Release|Win32
		{FD396810-F701-4EFB-A465-F0081ACCA341}.MinSizeRel|Win32.ActiveCfg = MinSizeRel|Win32
		{FD396810-F701-4EFB-A465-F0081ACCA341}.MinSizeRel|Win32.Build.0 = MinSizeRel|Win32
		{FD396810-F701-4EFB-A465-F0081ACCA341}.RelWithDebInfo|Win32.ActiveCfg = RelWithDebInfo|Win32
		{FD396810-F701-4EFB-A465-F0081ACCA341}.RelWithDebInfo|Win32.Build.0 = RelWithDebInfo|Win32
		{5B4A7F10-FBC9-4F57-8C80-D69606C08436}.Debug|Win32.ActiveCfg = Debug|Win32
		{5B4A7F10-FBC9-4F57-8C80-D69606C08436}.Debug|Win32.Build.0 = Debug|Win32
		{5B4A7F10-FBC9-4F57-8C80-D69606C08436}.Release|Win32.ActiveCfg = Release|Win32
		{5B4A7F10-FBC9-4F57-8C80-D69606C08436}.Release|Win32.Build.0 = Release|Win32
		{5B4A7F10-FBC9-4F57-8C80-D69606C08436}.MinSizeRel|Win32.ActiveCfg = MinSizeRel|Win32
		{5B4A7F10-FBC9-4F57-8C80-D69606C08436}.MinSizeRel|Win32.Build.0 = MinSizeRel|Win32
		{5B4A7F10-FBC9-4F57-8C80-D69606C08436}.RelWithDebInfo|Win32.ActiveCfg = RelWithDebInfo|Win32
		{5B4A7F10-FBC9-4F57-8C80-D69606C08436}.RelWithDebInfo|Win32.Build.0 = RelWithDebInfo|Win32
		{D4AFDBBD-E1E4-45CB-BB26-F9446E510797}.Debug|Win32.ActiveCfg = Debug|Win32
		{D4AFDBBD-E1E4-45CB-BB26-F9446E510797}.Debug|Win32.Build.0 = Debug|Win32
		{D4AFDBBD-E1E4-45CB-BB26-F9446E510797}.Release|Win32.ActiveCfg = Release|Win32
		{D4AFDBBD-E1E4-45CB-BB26-F9446E510797}.Release|Win32.Build.0 = Release|Win32
		{D4AFDBBD-E1E4-45CB-BB26-F9446E510797}.MinSizeRel|Win32.ActiveCfg = MinSizeRel|Win32
		{D4AFDBBD-E1E4-45CB-BB26-F9446E510797}.MinSizeRel|Win32.Build.0 = MinSizeRel|Win32
		{D4AFDBBD-E1E4-45CB-BB26-F9446E510797}.RelWithDebInfo|Win32.ActiveCfg = RelWithDebInfo|Win32
		{D4AFDBBD-E1E4-45CB-BB26-F9446E510797}.RelWithDebInfo|Win32.Build.0 = RelWithDebInfo|Win32
	EndGlobalSection
	GlobalSection(ExtensibilityGlobals) = postSolution
	EndGlobalSection
	GlobalSection(ExtensibilityAddIns) = postSolution
	EndGlobalSection
EndGlobal
